
Microsoft Visual Studio Solution File, Format Version 12.00
# Visual Studio Version 17
VisualStudioVersion = 17.10.35013.160
MinimumVisualStudioVersion = 10.0.40219.1
Project("{FAE04EC0-301F-11D3-BF4B-00C04F79EFBC}") = "MoonBase", "MoonBase\MoonBase.csproj", "{82B382DF-198C-48C4-9D48-52D7D9D0E423}"
EndProject
Global
	GlobalSection(SolutionConfigurationPlatforms) = preSolution
		Debug|Any CPU = Debug|Any CPU
		Release|Any CPU = Release|Any CPU
	EndGlobalSection
	GlobalSection(ProjectConfigurationPlatforms) = postSolution
		{82B382DF-198C-48C4-9D48-52D7D9D0E423}.Debug|Any CPU.ActiveCfg = Debug|Any CPU
		{82B382DF-198C-48C4-9D48-52D7D9D0E423}.Debug|Any CPU.Build.0 = Debug|Any CPU
		{82B382DF-198C-48C4-9D48-52D7D9D0E423}.Release|Any CPU.ActiveCfg = Release|Any CPU
		{82B382DF-198C-48C4-9D48-52D7D9D0E423}.Release|Any CPU.Build.0 = Release|Any CPU
	EndGlobalSection
	GlobalSection(SolutionProperties) = preSolution
		HideSolutionNode = FALSE
	EndGlobalSection
	GlobalSection(ExtensibilityGlobals) = postSolution
		SolutionGuid = {B8C04287-0ECE-4815-AAE4-1FDDD6187BC5}
	EndGlobalSection
EndGlobal
